
Microsoft Visual Studio Solution File, Format Version 12.00
# Visual Studio Version 16
VisualStudioVersion = 16.0.29709.97
MinimumVisualStudioVersion = 10.0.40219.1
Project("{FAE04EC0-301F-11D3-BF4B-00C04F79EFBC}") = "SyncClient", "SyncClient\SyncClient.csproj", "{04C927DE-D3B9-412B-B542-9D29501116FD}"
EndProject
Global
	GlobalSection(SolutionConfigurationPlatforms) = preSolution
		Debug|Any CPU = Debug|Any CPU
		Release|Any CPU = Release|Any CPU
	EndGlobalSection
	GlobalSection(ProjectConfigurationPlatforms) = postSolution
		{04C927DE-D3B9-412B-B542-9D29501116FD}.Debug|Any CPU.ActiveCfg = Debug|Any CPU
		{04C927DE-D3B9-412B-B542-9D29501116FD}.Debug|Any CPU.Build.0 = Debug|Any CPU
		{04C927DE-D3B9-412B-B542-9D29501116FD}.Release|Any CPU.ActiveCfg = Release|Any CPU
		{04C927DE-D3B9-412B-B542-9D29501116FD}.Release|Any CPU.Build.0 = Release|Any CPU
	EndGlobalSection
	GlobalSection(SolutionProperties) = preSolution
		HideSolutionNode = FALSE
	EndGlobalSection
	GlobalSection(ExtensibilityGlobals) = postSolution
		SolutionGuid = {2FCEE264-8580-432B-A4F4-F74F4A56FF0B}
	EndGlobalSection
EndGlobal
