
Microsoft Visual Studio Solution File, Format Version 12.00
# Visual Studio Version 16
VisualStudioVersion = 16.0.29709.97
MinimumVisualStudioVersion = 10.0.40219.1
Project("{FAE04EC0-301F-11D3-BF4B-00C04F79EFBC}") = "SyncClient", "SyncClient\SyncClient.csproj", "{04C927DE-D3B9-412B-B542-9D29501116FD}"
EndProject
Project("{FAE04EC0-301F-11D3-BF4B-00C04F79EFBC}") = "AsyncClient", "AsyncClient\AsyncClient.csproj", "{FCE155A8-7818-4A94-B7E4-923482A65F74}"
EndProject
Project("{FAE04EC0-301F-11D3-BF4B-00C04F79EFBC}") = "Hacker", "Hacker\Hacker.csproj", "{785D951A-64CD-4F56-9061-CE52A320C80C}"
EndProject
Project("{FAE04EC0-301F-11D3-BF4B-00C04F79EFBC}") = "Server", "Server\Server.csproj", "{1F2E415A-77C7-458E-9765-1E7E5B305213}"
EndProject
Global
	GlobalSection(SolutionConfigurationPlatforms) = preSolution
		Debug|Any CPU = Debug|Any CPU
		Release|Any CPU = Release|Any CPU
	EndGlobalSection
	GlobalSection(ProjectConfigurationPlatforms) = postSolution
		{04C927DE-D3B9-412B-B542-9D29501116FD}.Debug|Any CPU.ActiveCfg = Debug|Any CPU
		{04C927DE-D3B9-412B-B542-9D29501116FD}.Debug|Any CPU.Build.0 = Debug|Any CPU
		{04C927DE-D3B9-412B-B542-9D29501116FD}.Release|Any CPU.ActiveCfg = Release|Any CPU
		{04C927DE-D3B9-412B-B542-9D29501116FD}.Release|Any CPU.Build.0 = Release|Any CPU
		{FCE155A8-7818-4A94-B7E4-923482A65F74}.Debug|Any CPU.ActiveCfg = Debug|Any CPU
		{FCE155A8-7818-4A94-B7E4-923482A65F74}.Debug|Any CPU.Build.0 = Debug|Any CPU
		{FCE155A8-7818-4A94-B7E4-923482A65F74}.Release|Any CPU.ActiveCfg = Release|Any CPU
		{FCE155A8-7818-4A94-B7E4-923482A65F74}.Release|Any CPU.Build.0 = Release|Any CPU
		{785D951A-64CD-4F56-9061-CE52A320C80C}.Debug|Any CPU.ActiveCfg = Debug|Any CPU
		{785D951A-64CD-4F56-9061-CE52A320C80C}.Debug|Any CPU.Build.0 = Debug|Any CPU
		{785D951A-64CD-4F56-9061-CE52A320C80C}.Release|Any CPU.ActiveCfg = Release|Any CPU
		{785D951A-64CD-4F56-9061-CE52A320C80C}.Release|Any CPU.Build.0 = Release|Any CPU
		{1F2E415A-77C7-458E-9765-1E7E5B305213}.Debug|Any CPU.ActiveCfg = Debug|Any CPU
		{1F2E415A-77C7-458E-9765-1E7E5B305213}.Debug|Any CPU.Build.0 = Debug|Any CPU
		{1F2E415A-77C7-458E-9765-1E7E5B305213}.Release|Any CPU.ActiveCfg = Release|Any CPU
		{1F2E415A-77C7-458E-9765-1E7E5B305213}.Release|Any CPU.Build.0 = Release|Any CPU
	EndGlobalSection
	GlobalSection(SolutionProperties) = preSolution
		HideSolutionNode = FALSE
	EndGlobalSection
	GlobalSection(ExtensibilityGlobals) = postSolution
		SolutionGuid = {2FCEE264-8580-432B-A4F4-F74F4A56FF0B}
	EndGlobalSection
EndGlobal
